
Microsoft Visual Studio Solution File, Format Version 12.00
# Visual Studio Version 16
VisualStudioVersion = 16.0.30114.105
MinimumVisualStudioVersion = 10.0.40219.1
Project("{F2A71F9B-5D33-465A-A702-920D77279786}") = "App", "src\App\App.fsproj", "{A41A8B3A-BF13-41DD-A469-8A4957018EB3}"
EndProject
Project("{F2A71F9B-5D33-465A-A702-920D77279786}") = "Core", "src\Core\Core.fsproj", "{F5F236EA-0950-41FA-9BEE-2BB69C95EE79}"
EndProject
Global
	GlobalSection(SolutionConfigurationPlatforms) = preSolution
		Debug|Any CPU = Debug|Any CPU
		Release|Any CPU = Release|Any CPU
	EndGlobalSection
	GlobalSection(SolutionProperties) = preSolution
		HideSolutionNode = FALSE
	EndGlobalSection
	GlobalSection(ProjectConfigurationPlatforms) = postSolution
		{A41A8B3A-BF13-41DD-A469-8A4957018EB3}.Debug|Any CPU.ActiveCfg = Debug|Any CPU
		{A41A8B3A-BF13-41DD-A469-8A4957018EB3}.Debug|Any CPU.Build.0 = Debug|Any CPU
		{A41A8B3A-BF13-41DD-A469-8A4957018EB3}.Release|Any CPU.ActiveCfg = Release|Any CPU
		{A41A8B3A-BF13-41DD-A469-8A4957018EB3}.Release|Any CPU.Build.0 = Release|Any CPU
		{F5F236EA-0950-41FA-9BEE-2BB69C95EE79}.Debug|Any CPU.ActiveCfg = Debug|Any CPU
		{F5F236EA-0950-41FA-9BEE-2BB69C95EE79}.Debug|Any CPU.Build.0 = Debug|Any CPU
		{F5F236EA-0950-41FA-9BEE-2BB69C95EE79}.Release|Any CPU.ActiveCfg = Release|Any CPU
		{F5F236EA-0950-41FA-9BEE-2BB69C95EE79}.Release|Any CPU.Build.0 = Release|Any CPU
	EndGlobalSection
EndGlobal
